PODS:
  - IQKeyboardManagerSwift (6.5.5)
  - Realm (4.3.2):
    - Realm/Headers (= 4.3.2)
  - Realm/Headers (4.3.2)
  - RealmSwift (4.3.2):
    - Realm (= 4.3.2)

DEPENDENCIES:
  - IQKeyboardManagerSwift (~> 6.5)
  - RealmSwift

SPEC REPOS:
  trunk:
    - IQKeyboardManagerSwift
    - Realm
    - RealmSwift

SPEC CHECKSUMS:
  IQKeyboardManagerSwift: 0fb93310284665245591f50f7a5e38de615960b7
  Realm: 5e92902e2875dff4bb0fd02f67bb737c3d5db2bc
  RealmSwift: 9a360fc7bae04fc2e308a34fbd899d5faa2d6b22

PODFILE CHECKSUM: 9e201fe08686b34b9b89e0ac5506f3e20f432926

COCOAPODS: 1.10.1
